
Microsoft Visual Studio Solution File, Format Version 12.00
# Visual Studio Version 17
VisualStudioVersion = 17.0.31919.166
MinimumVisualStudioVersion = 10.0.40219.1
Project("{9A19103F-16F7-4668-BE54-9A1E7A4F7556}") = "BotStarter", "BotStarter.csproj", "{4C15EC19-EA6D-4A33-9BBD-CF2FBDF9D8E2}"
EndProject
Project("{9A19103F-16F7-4668-BE54-9A1E7A4F7556}") = "WpfUi", "..\WpfUi\WpfUi.csproj", "{C07EE16B-109E-465A-BBC0-DAB5D6E6E6EB}"
EndProject
Project("{9A19103F-16F7-4668-BE54-9A1E7A4F7556}") = "ImageRecognition", "..\ImageRecognition\ImageRecognition.csproj", "{6D5A35BB-C053-470F-B400-77D4D0AA78D4}"
EndProject
Global
	GlobalSection(SolutionConfigurationPlatforms) = preSolution
		Debug|Any CPU = Debug|Any CPU
		Release|Any CPU = Release|Any CPU
	EndGlobalSection
	GlobalSection(ProjectConfigurationPlatforms) = postSolution
		{4C15EC19-EA6D-4A33-9BBD-CF2FBDF9D8E2}.Debug|Any CPU.ActiveCfg = Debug|Any CPU
		{4C15EC19-EA6D-4A33-9BBD-CF2FBDF9D8E2}.Debug|Any CPU.Build.0 = Debug|Any CPU
		{4C15EC19-EA6D-4A33-9BBD-CF2FBDF9D8E2}.Release|Any CPU.ActiveCfg = Release|Any CPU
		{4C15EC19-EA6D-4A33-9BBD-CF2FBDF9D8E2}.Release|Any CPU.Build.0 = Release|Any CPU
		{C07EE16B-109E-465A-BBC0-DAB5D6E6E6EB}.Debug|Any CPU.ActiveCfg = Debug|Any CPU
		{C07EE16B-109E-465A-BBC0-DAB5D6E6E6EB}.Debug|Any CPU.Build.0 = Debug|Any CPU
		{C07EE16B-109E-465A-BBC0-DAB5D6E6E6EB}.Release|Any CPU.ActiveCfg = Release|Any CPU
		{C07EE16B-109E-465A-BBC0-DAB5D6E6E6EB}.Release|Any CPU.Build.0 = Release|Any CPU
		{6D5A35BB-C053-470F-B400-77D4D0AA78D4}.Debug|Any CPU.ActiveCfg = Debug|Any CPU
		{6D5A35BB-C053-470F-B400-77D4D0AA78D4}.Debug|Any CPU.Build.0 = Debug|Any CPU
		{6D5A35BB-C053-470F-B400-77D4D0AA78D4}.Release|Any CPU.ActiveCfg = Release|Any CPU
		{6D5A35BB-C053-470F-B400-77D4D0AA78D4}.Release|Any CPU.Build.0 = Release|Any CPU
	EndGlobalSection
	GlobalSection(SolutionProperties) = preSolution
		HideSolutionNode = FALSE
	EndGlobalSection
	GlobalSection(ExtensibilityGlobals) = postSolution
		SolutionGuid = {C38EA29A-D7D6-48C7-BA4D-68BC486CFAE4}
	EndGlobalSection
EndGlobal
